// !$*UTF8*$!
{
	archiveVersion = 1;
	classes = {
	};
	objectVersion = 51;
	objects = {

/* Begin PBXBuildFile section */
		6E2F52D6248E25A7001B6013 /* libsqlite3.0.tbd in Frameworks */ = {isa = PBXBuildFile; fileRef = 6E44280F248790D200B62372 /* libsqlite3.0.tbd */; };
		6E58A7D1248FB9DB0059CA3E /* Hospitals.swift in Sources */ = {isa = PBXBuildFile; fileRef = 6E58A7D0248FB9DB0059CA3E /* Hospitals.swift */; };
		6E58A7D3248FBE7C0059CA3E /* Schedules.swift in Sources */ = {isa = PBXBuildFile; fileRef = 6E58A7D2248FBE7C0059CA3E /* Schedules.swift */; };
		6E58A7D5248FC53B0059CA3E /* News.swift in Sources */ = {isa = PBXBuildFile; fileRef = 6E58A7D4248FC53B0059CA3E /* News.swift */; };
		6E59428D24887E370094B328 /* UserCenter.storyboard in Resources */ = {isa = PBXBuildFile; fileRef = 6E59428C24887E370094B328 /* UserCenter.storyboard */; };
		6E59428F24887F050094B328 /* MBUserCenterController.swift in Sources */ = {isa = PBXBuildFile; fileRef = 6E59428E24887F050094B328 /* MBUserCenterController.swift */; };
		6E59429D2488F0120094B328 /* News.storyboard in Resources */ = {isa = PBXBuildFile; fileRef = 6E59429C2488F0120094B328 /* News.storyboard */; };
		6E59429F2488F0360094B328 /* MBNewsController.swift in Sources */ = {isa = PBXBuildFile; fileRef = 6E59429E2488F0360094B328 /* MBNewsController.swift */; };
		6E5942A12488F0430094B328 /* Home.storyboard in Resources */ = {isa = PBXBuildFile; fileRef = 6E5942A02488F0430094B328 /* Home.storyboard */; };
		6E5942A32488F0540094B328 /* MBHomeController.swift in Sources */ = {isa = PBXBuildFile; fileRef = 6E5942A22488F0540094B328 /* MBHomeController.swift */; };
		6E5A4FFB2489E845003ABE59 /* MBUcUserInfoCell.swift in Sources */ = {isa = PBXBuildFile; fileRef = 6E5A4FF92489E845003ABE59 /* MBUcUserInfoCell.swift */; };
		6E5A4FFC2489E845003ABE59 /* MBUcUserInfoCell.xib in Resources */ = {isa = PBXBuildFile; fileRef = 6E5A4FFA2489E845003ABE59 /* MBUcUserInfoCell.xib */; };
		6E5A4FFF2489F36F003ABE59 /* MBTitleArrowCell.swift in Sources */ = {isa = PBXBuildFile; fileRef = 6E5A4FFD2489F36F003ABE59 /* MBTitleArrowCell.swift */; };
		6E5A50002489F36F003ABE59 /* MBTitleArrowCell.xib in Resources */ = {isa = PBXBuildFile; fileRef = 6E5A4FFE2489F36F003ABE59 /* MBTitleArrowCell.xib */; };
		6E5A5EBC2484EFCA00FB8C95 /* MBDataBaseManager.swift in Sources */ = {isa = PBXBuildFile; fileRef = 6E5A5EBB2484EFCA00FB8C95 /* MBDataBaseManager.swift */; };
		6E657C6E248FEA17009AE47C /* MBHospitalListController.swift in Sources */ = {isa = PBXBuildFile; fileRef = 6E657C6D248FEA17009AE47C /* MBHospitalListController.swift */; };
		6E657C70248FEB8E009AE47C /* MBCategoryController.swift in Sources */ = {isa = PBXBuildFile; fileRef = 6E657C6F248FEB8E009AE47C /* MBCategoryController.swift */; };
		6E657C72248FEF5D009AE47C /* mab_database.db in Resources */ = {isa = PBXBuildFile; fileRef = 6E657C71248FEF5D009AE47C /* mab_database.db */; };
		6E657C74248FF36D009AE47C /* MBBaseWebController.swift in Sources */ = {isa = PBXBuildFile; fileRef = 6E657C73248FF36D009AE47C /* MBBaseWebController.swift */; };
		6E657CAE248FF3B5009AE47C /* 0315.html in Resources */ = {isa = PBXBuildFile; fileRef = 6E657C76248FF3B5009AE47C /* 0315.html */; };
		6E657CAF248FF3B5009AE47C /* 0332.html in Resources */ = {isa = PBXBuildFile; fileRef = 6E657C77248FF3B5009AE47C /* 0332.html */; };
		6E657CB0248FF3B5009AE47C /* 0362.html in Resources */ = {isa = PBXBuildFile; fileRef = 6E657C78248FF3B5009AE47C /* 0362.html */; };
		6E657CB1248FF3B5009AE47C /* 0397.html in Resources */ = {isa = PBXBuildFile; fileRef = 6E657C79248FF3B5009AE47C /* 0397.html */; };
		6E657CB2248FF3B5009AE47C /* overlay.png in Resources */ = {isa = PBXBuildFile; fileRef = 6E657C7D248FF3B5009AE47C /* overlay.png */; };
		6E657CB3248FF3B5009AE47C /* ie9.css in Resources */ = {isa = PBXBuildFile; fileRef = 6E657C7E248FF3B5009AE47C /* ie9.css */; };
		6E657CB4248FF3B5009AE47C /* main.css in Resources */ = {isa = PBXBuildFile; fileRef = 6E657C7F248FF3B5009AE47C /* main.css */; };
		6E657CB5248FF3B5009AE47C /* font-awesome.min.css in Resources */ = {isa = PBXBuildFile; fileRef = 6E657C80248FF3B5009AE47C /* font-awesome.min.css */; };
		6E657CB6248FF3B5009AE47C /* util.js in Resources */ = {isa = PBXBuildFile; fileRef = 6E657C82248FF3B5009AE47C /* util.js */; };
		6E657CB7248FF3B5009AE47C /* jquery.min.js in Resources */ = {isa = PBXBuildFile; fileRef = 6E657C83248FF3B5009AE47C /* jquery.min.js */; };
		6E657CB8248FF3B5009AE47C /* main.js in Resources */ = {isa = PBXBuildFile; fileRef = 6E657C84248FF3B5009AE47C /* main.js */; };
		6E657CB9248FF3B5009AE47C /* skel.min.js in Resources */ = {isa = PBXBuildFile; fileRef = 6E657C85248FF3B5009AE47C /* skel.min.js */; };
		6E657CBA248FF3B5009AE47C /* html5shiv.js in Resources */ = {isa = PBXBuildFile; fileRef = 6E657C87248FF3B5009AE47C /* html5shiv.js */; };
		6E657CBB248FF3B5009AE47C /* respond.min.js in Resources */ = {isa = PBXBuildFile; fileRef = 6E657C88248FF3B5009AE47C /* respond.min.js */; };
		6E657CBC248FF3B5009AE47C /* fontawesome-webfont.svg in Resources */ = {isa = PBXBuildFile; fileRef = 6E657C8A248FF3B5009AE47C /* fontawesome-webfont.svg */; };
		6E657CBD248FF3B5009AE47C /* FontAwesome.otf in Resources */ = {isa = PBXBuildFile; fileRef = 6E657C8B248FF3B5009AE47C /* FontAwesome.otf */; };
		6E657CBE248FF3B5009AE47C /* fontawesome-webfont.woff2 in Resources */ = {isa = PBXBuildFile; fileRef = 6E657C8C248FF3B5009AE47C /* fontawesome-webfont.woff2 */; };
		6E657CBF248FF3B5009AE47C /* fontawesome-webfont.ttf in Resources */ = {isa = PBXBuildFile; fileRef = 6E657C8D248FF3B5009AE47C /* fontawesome-webfont.ttf */; };
		6E657CC0248FF3B5009AE47C /* fontawesome-webfont.woff in Resources */ = {isa = PBXBuildFile; fileRef = 6E657C8E248FF3B5009AE47C /* fontawesome-webfont.woff */; };
		6E657CC1248FF3B5009AE47C /* fontawesome-webfont.eot in Resources */ = {isa = PBXBuildFile; fileRef = 6E657C8F248FF3B5009AE47C /* fontawesome-webfont.eot */; };
		6E657CC2248FF3B5009AE47C /* ie9.scss in Resources */ = {isa = PBXBuildFile; fileRef = 6E657C91248FF3B5009AE47C /* ie9.scss */; };
		6E657CC3248FF3B5009AE47C /* _main.scss in Resources */ = {isa = PBXBuildFile; fileRef = 6E657C93248FF3B5009AE47C /* _main.scss */; };
		6E657CC4248FF3B5009AE47C /* _banner.scss in Resources */ = {isa = PBXBuildFile; fileRef = 6E657C94248FF3B5009AE47C /* _banner.scss */; };
		6E657CC5248FF3B5009AE47C /* _nav.scss in Resources */ = {isa = PBXBuildFile; fileRef = 6E657C95248FF3B5009AE47C /* _nav.scss */; };
		6E657CC6248FF3B5009AE47C /* _footer.scss in Resources */ = {isa = PBXBuildFile; fileRef = 6E657C96248FF3B5009AE47C /* _footer.scss */; };
		6E657CC7248FF3B5009AE47C /* _header.scss in Resources */ = {isa = PBXBuildFile; fileRef = 6E657C97248FF3B5009AE47C /* _header.scss */; };
		6E657CC8248FF3B5009AE47C /* _functions.scss in Resources */ = {isa = PBXBuildFile; fileRef = 6E657C99248FF3B5009AE47C /* _functions.scss */; };
		6E657CC9248FF3B5009AE47C /* _vars.scss in Resources */ = {isa = PBXBuildFile; fileRef = 6E657C9A248FF3B5009AE47C /* _vars.scss */; };
		6E657CCA248FF3B5009AE47C /* _skel.scss in Resources */ = {isa = PBXBuildFile; fileRef = 6E657C9B248FF3B5009AE47C /* _skel.scss */; };
		6E657CCB248FF3B5009AE47C /* _mixins.scss in Resources */ = {isa = PBXBuildFile; fileRef = 6E657C9C248FF3B5009AE47C /* _mixins.scss */; };
		6E657CCC248FF3B5009AE47C /* _image.scss in Resources */ = {isa = PBXBuildFile; fileRef = 6E657C9E248FF3B5009AE47C /* _image.scss */; };
		6E657CCD248FF3B5009AE47C /* _wrapper.scss in Resources */ = {isa = PBXBuildFile; fileRef = 6E657C9F248FF3B5009AE47C /* _wrapper.scss */; };
		6E657CCE248FF3B5009AE47C /* _button.scss in Resources */ = {isa = PBXBuildFile; fileRef = 6E657CA0248FF3B5009AE47C /* _button.scss */; };
		6E657CCF248FF3B5009AE47C /* _table.scss in Resources */ = {isa = PBXBuildFile; fileRef = 6E657CA1248FF3B5009AE47C /* _table.scss */; };
		6E657CD0248FF3B5009AE47C /* _box.scss in Resources */ = {isa = PBXBuildFile; fileRef = 6E657CA2248FF3B5009AE47C /* _box.scss */; };
		6E657CD1248FF3B5009AE47C /* _list.scss in Resources */ = {isa = PBXBuildFile; fileRef = 6E657CA3248FF3B5009AE47C /* _list.scss */; };
		6E657CD2248FF3B5009AE47C /* _feature.scss in Resources */ = {isa = PBXBuildFile; fileRef = 6E657CA4248FF3B5009AE47C /* _feature.scss */; };
		6E657CD3248FF3B5009AE47C /* _icon.scss in Resources */ = {isa = PBXBuildFile; fileRef = 6E657CA5248FF3B5009AE47C /* _icon.scss */; };
		6E657CD4248FF3B5009AE47C /* _section.scss in Resources */ = {isa = PBXBuildFile; fileRef = 6E657CA6248FF3B5009AE47C /* _section.scss */; };
		6E657CD5248FF3B5009AE47C /* _form.scss in Resources */ = {isa = PBXBuildFile; fileRef = 6E657CA7248FF3B5009AE47C /* _form.scss */; };
		6E657CD6248FF3B5009AE47C /* _image-grid.scss in Resources */ = {isa = PBXBuildFile; fileRef = 6E657CA8248FF3B5009AE47C /* _image-grid.scss */; };
		6E657CD7248FF3B5009AE47C /* main.scss in Resources */ = {isa = PBXBuildFile; fileRef = 6E657CA9248FF3B5009AE47C /* main.scss */; };
		6E657CD8248FF3B5009AE47C /* _typography.scss in Resources */ = {isa = PBXBuildFile; fileRef = 6E657CAB248FF3B5009AE47C /* _typography.scss */; };
		6E657CD9248FF3B5009AE47C /* _page.scss in Resources */ = {isa = PBXBuildFile; fileRef = 6E657CAC248FF3B5009AE47C /* _page.scss */; };
		6E657CDA248FF3B5009AE47C /* 0347.html in Resources */ = {isa = PBXBuildFile; fileRef = 6E657CAD248FF3B5009AE47C /* 0347.html */; };
		6E7E2E022485DCAC00F39344 /* UserTable.swift in Sources */ = {isa = PBXBuildFile; fileRef = 6E7E2E012485DCAC00F39344 /* UserTable.swift */; };
		6E7E2E04248632A900F39344 /* MBApplication.swift in Sources */ = {isa = PBXBuildFile; fileRef = 6E7E2E03248632A900F39344 /* MBApplication.swift */; };
		6E7E2E062486357400F39344 /* MBAssets.swift in Sources */ = {isa = PBXBuildFile; fileRef = 6E7E2E052486357400F39344 /* MBAssets.swift */; };
		6E7E2E08248636DE00F39344 /* MBSignNavigationController.swift in Sources */ = {isa = PBXBuildFile; fileRef = 6E7E2E07248636DE00F39344 /* MBSignNavigationController.swift */; };
		6E7E2E0A248636F400F39344 /* MBLoginController.swift in Sources */ = {isa = PBXBuildFile; fileRef = 6E7E2E09248636F400F39344 /* MBLoginController.swift */; };
		6E7E2E0C2486370700F39344 /* MBRegisterController.swift in Sources */ = {isa = PBXBuildFile; fileRef = 6E7E2E0B2486370700F39344 /* MBRegisterController.swift */; };
		6E7E2E0E248637B100F39344 /* MBUserCenter.swift in Sources */ = {isa = PBXBuildFile; fileRef = 6E7E2E0D248637B100F39344 /* MBUserCenter.swift */; };
		6E7E2E1124863F6E00F39344 /* Alerts.storyboard in Resources */ = {isa = PBXBuildFile; fileRef = 6E7E2E1024863F6E00F39344 /* Alerts.storyboard */; };
		6E7E2E1324863F8100F39344 /* MBAlerts.swift in Sources */ = {isa = PBXBuildFile; fileRef = 6E7E2E1224863F8000F39344 /* MBAlerts.swift */; };
		6EAE50DB247A675A005C169E /* MBBaseNaviController.swift in Sources */ = {isa = PBXBuildFile; fileRef = 6EAE50DA247A675A005C169E /* MBBaseNaviController.swift */; };
		6EAE50DD247A677E005C169E /* MBBaseController.swift in Sources */ = {isa = PBXBuildFile; fileRef = 6EAE50DC247A677E005C169E /* MBBaseController.swift */; };
		6EAE50E0247A67AE005C169E /* MBMainTabbarController.swift in Sources */ = {isa = PBXBuildFile; fileRef = 6EAE50DF247A67AE005C169E /* MBMainTabbarController.swift */; };
		6EAE50E3247A6828005C169E /* Sign.storyboard in Resources */ = {isa = PBXBuildFile; fileRef = 6EAE50E2247A6828005C169E /* Sign.storyboard */; };
		6EAE50E6247A68B6005C169E /* MBRootController.swift in Sources */ = {isa = PBXBuildFile; fileRef = 6EAE50E5247A68B6005C169E /* MBRootController.swift */; };
		6EAE50EA247A6D31005C169E /* Utils.swift in Sources */ = {isa = PBXBuildFile; fileRef = 6EAE50E9247A6D31005C169E /* Utils.swift */; };
		6EAE50EF247A6E20005C169E /* MBUserDefault.swift in Sources */ = {isa = PBXBuildFile; fileRef = 6EAE50EE247A6E20005C169E /* MBUserDefault.swift */; };
		6EAE50F1247A6EB6005C169E /* MBFunctionsDefine.swift in Sources */ = {isa = PBXBuildFile; fileRef = 6EAE50F0247A6EB6005C169E /* MBFunctionsDefine.swift */; };
		6EAE5103247A6FA2005C169E /* UIImageExtension.swift in Sources */ = {isa = PBXBuildFile; fileRef = 6EAE50F3247A6FA0005C169E /* UIImageExtension.swift */; };
		6EAE5104247A6FA2005C169E /* StringExtension.swift in Sources */ = {isa = PBXBuildFile; fileRef = 6EAE50F4247A6FA1005C169E /* StringExtension.swift */; };
		6EAE5105247A6FA2005C169E /* DateExtension.swift in Sources */ = {isa = PBXBuildFile; fileRef = 6EAE50F5247A6FA1005C169E /* DateExtension.swift */; };
		6EAE5107247A6FA2005C169E /* UINavigationBarEx.swift in Sources */ = {isa = PBXBuildFile; fileRef = 6EAE50F7247A6FA1005C169E /* UINavigationBarEx.swift */; };
		6EAE5108247A6FA2005C169E /* ColorExtension.swift in Sources */ = {isa = PBXBuildFile; fileRef = 6EAE50F8247A6FA1005C169E /* ColorExtension.swift */; };
		6EAE5109247A6FA2005C169E /* UIImageViewExtension.swift in Sources */ = {isa = PBXBuildFile; fileRef = 6EAE50F9247A6FA1005C169E /* UIImageViewExtension.swift */; };
		6EAE510A247A6FA2005C169E /* ArrayExtension.swift in Sources */ = {isa = PBXBuildFile; fileRef = 6EAE50FA247A6FA1005C169E /* ArrayExtension.swift */; };
		6EAE510B247A6FA2005C169E /* NotificationExtension.swift in Sources */ = {isa = PBXBuildFile; fileRef = 6EAE50FB247A6FA1005C169E /* NotificationExtension.swift */; };
		6EAE510C247A6FA2005C169E /* UIViewControllerExtension.swift in Sources */ = {isa = PBXBuildFile; fileRef = 6EAE50FC247A6FA2005C169E /* UIViewControllerExtension.swift */; };
		6EAE510D247A6FA2005C169E /* UIViewExtension.swift in Sources */ = {isa = PBXBuildFile; fileRef = 6EAE50FD247A6FA2005C169E /* UIViewExtension.swift */; };
		6EAE5111247A6FA2005C169E /* DictionaryExtension.swift in Sources */ = {isa = PBXBuildFile; fileRef = 6EAE5101247A6FA2005C169E /* DictionaryExtension.swift */; };
		6EF253FD24874297008BDD32 /* GMView.swift in Sources */ = {isa = PBXBuildFile; fileRef = 6EF253F324874297008BDD32 /* GMView.swift */; };
		6EF253FE24874297008BDD32 /* GMButton.swift in Sources */ = {isa = PBXBuildFile; fileRef = 6EF253F424874297008BDD32 /* GMButton.swift */; };
		6EF253FF24874297008BDD32 /* GMPresentationController.swift in Sources */ = {isa = PBXBuildFile; fileRef = 6EF253F624874297008BDD32 /* GMPresentationController.swift */; };
		6EF2540024874297008BDD32 /* GMPresentationManager.swift in Sources */ = {isa = PBXBuildFile; fileRef = 6EF253F724874297008BDD32 /* GMPresentationManager.swift */; };
		6EF2540124874297008BDD32 /* GMPresentationBaseController.swift in Sources */ = {isa = PBXBuildFile; fileRef = 6EF253F924874297008BDD32 /* GMPresentationBaseController.swift */; };
		6EF2540224874297008BDD32 /* GMPresentationBaseNavController.swift in Sources */ = {isa = PBXBuildFile; fileRef = 6EF253FA24874297008BDD32 /* GMPresentationBaseNavController.swift */; };
		6EF2540324874297008BDD32 /* GMPresentationAnimator.swift in Sources */ = {isa = PBXBuildFile; fileRef = 6EF253FB24874297008BDD32 /* GMPresentationAnimator.swift */; };
		6EF2540424874298008BDD32 /* GMLabel.swift in Sources */ = {isa = PBXBuildFile; fileRef = 6EF253FC24874297008BDD32 /* GMLabel.swift */; };
		E5BA85BD247A540500AAECDB /* AppDelegate.swift in Sources */ = {isa = PBXBuildFile; fileRef = E5BA85BC247A540500AAECDB /* AppDelegate.swift */; };
		E5BA85C4247A540500AAECDB /* Main.storyboard in Resources */ = {isa = PBXBuildFile; fileRef = E5BA85C2247A540500AAECDB /* Main.storyboard */; };
		E5BA85C6247A540500AAECDB /* Assets.xcassets in Resources */ = {isa = PBXBuildFile; fileRef = E5BA85C5247A540500AAECDB /* Assets.xcassets */; };
		E5BA85C9247A540500AAECDB /* LaunchScreen.storyboard in Resources */ = {isa = PBXBuildFile; fileRef = E5BA85C7247A540500AAECDB /* LaunchScreen.storyboard */; };
		FAEE9DC42C3C766992AB0C9B /* Pods_mab.framework in Frameworks */ = {isa = PBXBuildFile; fileRef = 0A913E9917EE529EFB34B50C /* Pods_mab.framework */; };
/* End PBXBuildFile section */

/* Begin PBXFileReference section */
		0A913E9917EE529EFB34B50C /* Pods_mab.framework */ = {isa = PBXFileReference; explicitFileType = wrapper.framework; includeInIndex = 0; path = Pods_mab.framework; sourceTree = BUILT_PRODUCTS_DIR; };
		6E44280A248785D500B62372 /* libsqlite3.tbd */ = {isa = PBXFileReference; lastKnownFileType = "sourcecode.text-based-dylib-definition"; name = libsqlite3.tbd; path = usr/lib/libsqlite3.tbd; sourceTree = SDKROOT; };
		6E44280F248790D200B62372 /* libsqlite3.0.tbd */ = {isa = PBXFileReference; lastKnownFileType = "sourcecode.text-based-dylib-definition"; name = libsqlite3.0.tbd; path = usr/lib/libsqlite3.0.tbd; sourceTree = SDKROOT; };
		6E58A7D0248FB9DB0059CA3E /* Hospitals.swift */ = {isa = PBXFileReference; lastKnownFileType = sourcecode.swift; path = Hospitals.swift; sourceTree = "<group>"; };
		6E58A7D2248FBE7C0059CA3E /* Schedules.swift */ = {isa = PBXFileReference; lastKnownFileType = sourcecode.swift; path = Schedules.swift; sourceTree = "<group>"; };
		6E58A7D4248FC53B0059CA3E /* News.swift */ = {isa = PBXFileReference; lastKnownFileType = sourcecode.swift; path = News.swift; sourceTree = "<group>"; };
		6E59428C24887E370094B328 /* UserCenter.storyboard */ = {isa = PBXFileReference; lastKnownFileType = file.storyboard; path = UserCenter.storyboard; sourceTree = "<group>"; };
		6E59428E24887F050094B328 /* MBUserCenterController.swift */ = {isa = PBXFileReference; lastKnownFileType = sourcecode.swift; path = MBUserCenterController.swift; sourceTree = "<group>"; };
		6E59429C2488F0120094B328 /* News.storyboard */ = {isa = PBXFileReference; lastKnownFileType = file.storyboard; path = News.storyboard; sourceTree = "<group>"; };
		6E59429E2488F0360094B328 /* MBNewsController.swift */ = {isa = PBXFileReference; lastKnownFileType = sourcecode.swift; path = MBNewsController.swift; sourceTree = "<group>"; };
		6E5942A02488F0430094B328 /* Home.storyboard */ = {isa = PBXFileReference; lastKnownFileType = file.storyboard; path = Home.storyboard; sourceTree = "<group>"; };
		6E5942A22488F0540094B328 /* MBHomeController.swift */ = {isa = PBXFileReference; lastKnownFileType = sourcecode.swift; path = MBHomeController.swift; sourceTree = "<group>"; };
		6E5A4FF92489E845003ABE59 /* MBUcUserInfoCell.swift */ = {isa = PBXFileReference; lastKnownFileType = sourcecode.swift; path = MBUcUserInfoCell.swift; sourceTree = "<group>"; };
		6E5A4FFA2489E845003ABE59 /* MBUcUserInfoCell.xib */ = {isa = PBXFileReference; lastKnownFileType = file.xib; path = MBUcUserInfoCell.xib; sourceTree = "<group>"; };
		6E5A4FFD2489F36F003ABE59 /* MBTitleArrowCell.swift */ = {isa = PBXFileReference; lastKnownFileType = sourcecode.swift; path = MBTitleArrowCell.swift; sourceTree = "<group>"; };
		6E5A4FFE2489F36F003ABE59 /* MBTitleArrowCell.xib */ = {isa = PBXFileReference; lastKnownFileType = file.xib; path = MBTitleArrowCell.xib; sourceTree = "<group>"; };
		6E5A5EBB2484EFCA00FB8C95 /* MBDataBaseManager.swift */ = {isa = PBXFileReference; lastKnownFileType = sourcecode.swift; path = MBDataBaseManager.swift; sourceTree = "<group>"; };
		6E657C6D248FEA17009AE47C /* MBHospitalListController.swift */ = {isa = PBXFileReference; lastKnownFileType = sourcecode.swift; path = MBHospitalListController.swift; sourceTree = "<group>"; };
		6E657C6F248FEB8E009AE47C /* MBCategoryController.swift */ = {isa = PBXFileReference; lastKnownFileType = sourcecode.swift; path = MBCategoryController.swift; sourceTree = "<group>"; };
		6E657C71248FEF5D009AE47C /* mab_database.db */ = {isa = PBXFileReference; lastKnownFileType = file; path = mab_database.db; sourceTree = "<group>"; };
		6E657C73248FF36D009AE47C /* MBBaseWebController.swift */ = {isa = PBXFileReference; lastKnownFileType = sourcecode.swift; path = MBBaseWebController.swift; sourceTree = "<group>"; };
		6E657C76248FF3B5009AE47C /* 0315.html */ = {isa = PBXFileReference; fileEncoding = 4; lastKnownFileType = text.html; path = 0315.html; sourceTree = "<group>"; };
		6E657C77248FF3B5009AE47C /* 0332.html */ = {isa = PBXFileReference; fileEncoding = 4; lastKnownFileType = text.html; path = 0332.html; sourceTree = "<group>"; };
		6E657C78248FF3B5009AE47C /* 0362.html */ = {isa = PBXFileReference; fileEncoding = 4; lastKnownFileType = text.html; path = 0362.html; sourceTree = "<group>"; };
		6E657C79248FF3B5009AE47C /* 0397.html */ = {isa = PBXFileReference; fileEncoding = 4; lastKnownFileType = text.html; path = 0397.html; sourceTree = "<group>"; };
		6E657C7D248FF3B5009AE47C /* overlay.png */ = {isa = PBXFileReference; lastKnownFileType = image.png; path = overlay.png; sourceTree = "<group>"; };
		6E657C7E248FF3B5009AE47C /* ie9.css */ = {isa = PBXFileReference; fileEncoding = 4; lastKnownFileType = text.css; path = ie9.css; sourceTree = "<group>"; };
		6E657C7F248FF3B5009AE47C /* main.css */ = {isa = PBXFileReference; fileEncoding = 4; lastKnownFileType = text.css; path = main.css; sourceTree = "<group>"; };
		6E657C80248FF3B5009AE47C /* font-awesome.min.css */ = {isa = PBXFileReference; fileEncoding = 4; lastKnownFileType = text.css; path = "font-awesome.min.css"; sourceTree = "<group>"; };
		6E657C82248FF3B5009AE47C /* util.js */ = {isa = PBXFileReference; fileEncoding = 4; lastKnownFileType = sourcecode.javascript; path = util.js; sourceTree = "<group>"; };
		6E657C83248FF3B5009AE47C /* jquery.min.js */ = {isa = PBXFileReference; fileEncoding = 4; lastKnownFileType = sourcecode.javascript; path = jquery.min.js; sourceTree = "<group>"; };
		6E657C84248FF3B5009AE47C /* main.js */ = {isa = PBXFileReference; fileEncoding = 4; lastKnownFileType = sourcecode.javascript; path = main.js; sourceTree = "<group>"; };
		6E657C85248FF3B5009AE47C /* skel.min.js */ = {isa = PBXFileReference; fileEncoding = 4; lastKnownFileType = sourcecode.javascript; path = skel.min.js; sourceTree = "<group>"; };
		6E657C87248FF3B5009AE47C /* html5shiv.js */ = {isa = PBXFileReference; fileEncoding = 4; lastKnownFileType = sourcecode.javascript; path = html5shiv.js; sourceTree = "<group>"; };
		6E657C88248FF3B5009AE47C /* respond.min.js */ = {isa = PBXFileReference; fileEncoding = 4; lastKnownFileType = sourcecode.javascript; path = respond.min.js; sourceTree = "<group>"; };
		6E657C8A248FF3B5009AE47C /* fontawesome-webfont.svg */ = {isa = PBXFileReference; fileEncoding = 4; lastKnownFileType = text.xml; path = "fontawesome-webfont.svg"; sourceTree = "<group>"; };
		6E657C8B248FF3B5009AE47C /* FontAwesome.otf */ = {isa = PBXFileReference; lastKnownFileType = file; path = FontAwesome.otf; sourceTree = "<group>"; };
		6E657C8C248FF3B5009AE47C /* fontawesome-webfont.woff2 */ = {isa = PBXFileReference; lastKnownFileType = file; path = "fontawesome-webfont.woff2"; sourceTree = "<group>"; };
		6E657C8D248FF3B5009AE47C /* fontawesome-webfont.ttf */ = {isa = PBXFileReference; lastKnownFileType = file; path = "fontawesome-webfont.ttf"; sourceTree = "<group>"; };
		6E657C8E248FF3B5009AE47C /* fontawesome-webfont.woff */ = {isa = PBXFileReference; lastKnownFileType = file; path = "fontawesome-webfont.woff"; sourceTree = "<group>"; };
		6E657C8F248FF3B5009AE47C /* fontawesome-webfont.eot */ = {isa = PBXFileReference; lastKnownFileType = file; path = "fontawesome-webfont.eot"; sourceTree = "<group>"; };
		6E657C91248FF3B5009AE47C /* ie9.scss */ = {isa = PBXFileReference; fileEncoding = 4; lastKnownFileType = text; path = ie9.scss; sourceTree = "<group>"; };
		6E657C93248FF3B5009AE47C /* _main.scss */ = {isa = PBXFileReference; fileEncoding = 4; lastKnownFileType = text; path = _main.scss; sourceTree = "<group>"; };
		6E657C94248FF3B5009AE47C /* _banner.scss */ = {isa = PBXFileReference; fileEncoding = 4; lastKnownFileType = text; path = _banner.scss; sourceTree = "<group>"; };
		6E657C95248FF3B5009AE47C /* _nav.scss */ = {isa = PBXFileReference; fileEncoding = 4; lastKnownFileType = text; path = _nav.scss; sourceTree = "<group>"; };
		6E657C96248FF3B5009AE47C /* _footer.scss */ = {isa = PBXFileReference; fileEncoding = 4; lastKnownFileType = text; path = _footer.scss; sourceTree = "<group>"; };
		6E657C97248FF3B5009AE47C /* _header.scss */ = {isa = PBXFileReference; fileEncoding = 4; lastKnownFileType = text; path = _header.scss; sourceTree = "<group>"; };
		6E657C99248FF3B5009AE47C /* _functions.scss */ = {isa = PBXFileReference; fileEncoding = 4; lastKnownFileType = text; path = _functions.scss; sourceTree = "<group>"; };
		6E657C9A248FF3B5009AE47C /* _vars.scss */ = {isa = PBXFileReference; fileEncoding = 4; lastKnownFileType = text; path = _vars.scss; sourceTree = "<group>"; };
		6E657C9B248FF3B5009AE47C /* _skel.scss */ = {isa = PBXFileReference; fileEncoding = 4; lastKnownFileType = text; path = _skel.scss; sourceTree = "<group>"; };
		6E657C9C248FF3B5009AE47C /* _mixins.scss */ = {isa = PBXFileReference; fileEncoding = 4; lastKnownFileType = text; path = _mixins.scss; sourceTree = "<group>"; };
		6E657C9E248FF3B5009AE47C /* _image.scss */ = {isa = PBXFileReference; fileEncoding = 4; lastKnownFileType = text; path = _image.scss; sourceTree = "<group>"; };
		6E657C9F248FF3B5009AE47C /* _wrapper.scss */ = {isa = PBXFileReference; fileEncoding = 4; lastKnownFileType = text; path = _wrapper.scss; sourceTree = "<group>"; };
		6E657CA0248FF3B5009AE47C /* _button.scss */ = {isa = PBXFileReference; fileEncoding = 4; lastKnownFileType = text; path = _button.scss; sourceTree = "<group>"; };
		6E657CA1248FF3B5009AE47C /* _table.scss */ = {isa = PBXFileReference; fileEncoding = 4; lastKnownFileType = text; path = _table.scss; sourceTree = "<group>"; };
		6E657CA2248FF3B5009AE47C /* _box.scss */ = {isa = PBXFileReference; fileEncoding = 4; lastKnownFileType = text; path = _box.scss; sourceTree = "<group>"; };
		6E657CA3248FF3B5009AE47C /* _list.scss */ = {isa = PBXFileReference; fileEncoding = 4; lastKnownFileType = text; path = _list.scss; sourceTree = "<group>"; };
		6E657CA4248FF3B5009AE47C /* _feature.scss */ = {isa = PBXFileReference; fileEncoding = 4; lastKnownFileType = text; path = _feature.scss; sourceTree = "<group>"; };
		6E657CA5248FF3B5009AE47C /* _icon.scss */ = {isa = PBXFileReference; fileEncoding = 4; lastKnownFileType = text; path = _icon.scss; sourceTree = "<group>"; };
		6E657CA6248FF3B5009AE47C /* _section.scss */ = {isa = PBXFileReference; fileEncoding = 4; lastKnownFileType = text; path = _section.scss; sourceTree = "<group>"; };
		6E657CA7248FF3B5009AE47C /* _form.scss */ = {isa = PBXFileReference; fileEncoding = 4; lastKnownFileType = text; path = _form.scss; sourceTree = "<group>"; };
		6E657CA8248FF3B5009AE47C /* _image-grid.scss */ = {isa = PBXFileReference; fileEncoding = 4; lastKnownFileType = text; path = "_image-grid.scss"; sourceTree = "<group>"; };
		6E657CA9248FF3B5009AE47C /* main.scss */ = {isa = PBXFileReference; fileEncoding = 4; lastKnownFileType = text; path = main.scss; sourceTree = "<group>"; };
		6E657CAB248FF3B5009AE47C /* _typography.scss */ = {isa = PBXFileReference; fileEncoding = 4; lastKnownFileType = text; path = _typography.scss; sourceTree = "<group>"; };
		6E657CAC248FF3B5009AE47C /* _page.scss */ = {isa = PBXFileReference; fileEncoding = 4; lastKnownFileType = text; path = _page.scss; sourceTree = "<group>"; };
		6E657CAD248FF3B5009AE47C /* 0347.html */ = {isa = PBXFileReference; fileEncoding = 4; lastKnownFileType = text.html; path = 0347.html; sourceTree = "<group>"; };
		6E7E2E012485DCAC00F39344 /* UserTable.swift */ = {isa = PBXFileReference; lastKnownFileType = sourcecode.swift; path = UserTable.swift; sourceTree = "<group>"; };
		6E7E2E03248632A900F39344 /* MBApplication.swift */ = {isa = PBXFileReference; lastKnownFileType = sourcecode.swift; path = MBApplication.swift; sourceTree = "<group>"; };
		6E7E2E052486357400F39344 /* MBAssets.swift */ = {isa = PBXFileReference; lastKnownFileType = sourcecode.swift; path = MBAssets.swift; sourceTree = "<group>"; };
		6E7E2E07248636DE00F39344 /* MBSignNavigationController.swift */ = {isa = PBXFileReference; lastKnownFileType = sourcecode.swift; path = MBSignNavigationController.swift; sourceTree = "<group>"; };
		6E7E2E09248636F400F39344 /* MBLoginController.swift */ = {isa = PBXFileReference; lastKnownFileType = sourcecode.swift; path = MBLoginController.swift; sourceTree = "<group>"; };
		6E7E2E0B2486370700F39344 /* MBRegisterController.swift */ = {isa = PBXFileReference; lastKnownFileType = sourcecode.swift; path = MBRegisterController.swift; sourceTree = "<group>"; };
		6E7E2E0D248637B100F39344 /* MBUserCenter.swift */ = {isa = PBXFileReference; lastKnownFileType = sourcecode.swift; path = MBUserCenter.swift; sourceTree = "<group>"; };
		6E7E2E1024863F6E00F39344 /* Alerts.storyboard */ = {isa = PBXFileReference; lastKnownFileType = file.storyboard; path = Alerts.storyboard; sourceTree = "<group>"; };
		6E7E2E1224863F8000F39344 /* MBAlerts.swift */ = {isa = PBXFileReference; lastKnownFileType = sourcecode.swift; path = MBAlerts.swift; sourceTree = "<group>"; };
		6E882903248CE3E100BD7621 /* CoreData.framework */ = {isa = PBXFileReference; lastKnownFileType = wrapper.framework; name = CoreData.framework; path = System/Library/Frameworks/CoreData.framework; sourceTree = SDKROOT; };
		6EAE50DA247A675A005C169E /* MBBaseNaviController.swift */ = {isa = PBXFileReference; lastKnownFileType = sourcecode.swift; path = MBBaseNaviController.swift; sourceTree = "<group>"; };
		6EAE50DC247A677E005C169E /* MBBaseController.swift */ = {isa = PBXFileReference; lastKnownFileType = sourcecode.swift; path = MBBaseController.swift; sourceTree = "<group>"; };
		6EAE50DF247A67AE005C169E /* MBMainTabbarController.swift */ = {isa = PBXFileReference; lastKnownFileType = sourcecode.swift; path = MBMainTabbarController.swift; sourceTree = "<group>"; };
		6EAE50E2247A6828005C169E /* Sign.storyboard */ = {isa = PBXFileReference; lastKnownFileType = file.storyboard; path = Sign.storyboard; sourceTree = "<group>"; };
		6EAE50E5247A68B6005C169E /* MBRootController.swift */ = {isa = PBXFileReference; lastKnownFileType = sourcecode.swift; path = MBRootController.swift; sourceTree = "<group>"; };
		6EAE50E9247A6D31005C169E /* Utils.swift */ = {isa = PBXFileReference; lastKnownFileType = sourcecode.swift; path = Utils.swift; sourceTree = "<group>"; };
		6EAE50EE247A6E20005C169E /* MBUserDefault.swift */ = {isa = PBXFileReference; fileEncoding = 4; lastKnownFileType = sourcecode.swift; path = MBUserDefault.swift; sourceTree = "<group>"; };
		6EAE50F0247A6EB6005C169E /* MBFunctionsDefine.swift */ = {isa = PBXFileReference; lastKnownFileType = sourcecode.swift; path = MBFunctionsDefine.swift; sourceTree = "<group>"; };
		6EAE50F3247A6FA0005C169E /* UIImageExtension.swift */ = {isa = PBXFileReference; fileEncoding = 4; lastKnownFileType = sourcecode.swift; path = UIImageExtension.swift; sourceTree = "<group>"; };
		6EAE50F4247A6FA1005C169E /* StringExtension.swift */ = {isa = PBXFileReference; fileEncoding = 4; lastKnownFileType = sourcecode.swift; path = StringExtension.swift; sourceTree = "<group>"; };
		6EAE50F5247A6FA1005C169E /* DateExtension.swift */ = {isa = PBXFileReference; fileEncoding = 4; lastKnownFileType = sourcecode.swift; path = DateExtension.swift; sourceTree = "<group>"; };
		6EAE50F7247A6FA1005C169E /* UINavigationBarEx.swift */ = {isa = PBXFileReference; fileEncoding = 4; lastKnownFileType = sourcecode.swift; path = UINavigationBarEx.swift; sourceTree = "<group>"; };
		6EAE50F8247A6FA1005C169E /* ColorExtension.swift */ = {isa = PBXFileReference; fileEncoding = 4; lastKnownFileType = sourcecode.swift; path = ColorExtension.swift; sourceTree = "<group>"; };
		6EAE50F9247A6FA1005C169E /* UIImageViewExtension.swift */ = {isa = PBXFileReference; fileEncoding = 4; lastKnownFileType = sourcecode.swift; path = UIImageViewExtension.swift; sourceTree = "<group>"; };
		6EAE50FA247A6FA1005C169E /* ArrayExtension.swift */ = {isa = PBXFileReference; fileEncoding = 4; lastKnownFileType = sourcecode.swift; path = ArrayExtension.swift; sourceTree = "<group>"; };
		6EAE50FB247A6FA1005C169E /* NotificationExtension.swift */ = {isa = PBXFileReference; fileEncoding = 4; lastKnownFileType = sourcecode.swift; path = NotificationExtension.swift; sourceTree = "<group>"; };
		6EAE50FC247A6FA2005C169E /* UIViewControllerExtension.swift */ = {isa = PBXFileReference; fileEncoding = 4; lastKnownFileType = sourcecode.swift; path = UIViewControllerExtension.swift; sourceTree = "<group>"; };
		6EAE50FD247A6FA2005C169E /* UIViewExtension.swift */ = {isa = PBXFileReference; fileEncoding = 4; lastKnownFileType = sourcecode.swift; path = UIViewExtension.swift; sourceTree = "<group>"; };
		6EAE5101247A6FA2005C169E /* DictionaryExtension.swift */ = {isa = PBXFileReference; fileEncoding = 4; lastKnownFileType = sourcecode.swift; path = DictionaryExtension.swift; sourceTree = "<group>"; };
		6EF253F324874297008BDD32 /* GMView.swift */ = {isa = PBXFileReference; fileEncoding = 4; lastKnownFileType = sourcecode.swift; path = GMView.swift; sourceTree = "<group>"; };
		6EF253F424874297008BDD32 /* GMButton.swift */ = {isa = PBXFileReference; fileEncoding = 4; lastKnownFileType = sourcecode.swift; path = GMButton.swift; sourceTree = "<group>"; };
		6EF253F624874297008BDD32 /* GMPresentationController.swift */ = {isa = PBXFileReference; fileEncoding = 4; lastKnownFileType = sourcecode.swift; path = GMPresentationController.swift; sourceTree = "<group>"; };
		6EF253F724874297008BDD32 /* GMPresentationManager.swift */ = {isa = PBXFileReference; fileEncoding = 4; lastKnownFileType = sourcecode.swift; path = GMPresentationManager.swift; sourceTree = "<group>"; };
		6EF253F924874297008BDD32 /* GMPresentationBaseController.swift */ = {isa = PBXFileReference; fileEncoding = 4; lastKnownFileType = sourcecode.swift; path = GMPresentationBaseController.swift; sourceTree = "<group>"; };
		6EF253FA24874297008BDD32 /* GMPresentationBaseNavController.swift */ = {isa = PBXFileReference; fileEncoding = 4; lastKnownFileType = sourcecode.swift; path = GMPresentationBaseNavController.swift; sourceTree = "<group>"; };
		6EF253FB24874297008BDD32 /* GMPresentationAnimator.swift */ = {isa = PBXFileReference; fileEncoding = 4; lastKnownFileType = sourcecode.swift; path = GMPresentationAnimator.swift; sourceTree = "<group>"; };
		6EF253FC24874297008BDD32 /* GMLabel.swift */ = {isa = PBXFileReference; fileEncoding = 4; lastKnownFileType = sourcecode.swift; path = GMLabel.swift; sourceTree = "<group>"; };
		8C007A6FB66C87EE2B7BBA06 /* Pods-mab.release.xcconfig */ = {isa = PBXFileReference; includeInIndex = 1; lastKnownFileType = text.xcconfig; name = "Pods-mab.release.xcconfig"; path = "Target Support Files/Pods-mab/Pods-mab.release.xcconfig"; sourceTree = "<group>"; };
		9362DD59BDF12D75A2306661 /* Pods-mab.debug.xcconfig */ = {isa = PBXFileReference; includeInIndex = 1; lastKnownFileType = text.xcconfig; name = "Pods-mab.debug.xcconfig"; path = "Target Support Files/Pods-mab/Pods-mab.debug.xcconfig"; sourceTree = "<group>"; };
		E5BA85B9247A540500AAECDB /* mab.app */ = {isa = PBXFileReference; explicitFileType = wrapper.application; includeInIndex = 0; path = mab.app; sourceTree = BUILT_PRODUCTS_DIR; };
		E5BA85BC247A540500AAECDB /* AppDelegate.swift */ = {isa = PBXFileReference; lastKnownFileType = sourcecode.swift; path = AppDelegate.swift; sourceTree = "<group>"; };
		E5BA85C3247A540500AAECDB /* Base */ = {isa = PBXFileReference; lastKnownFileType = file.storyboard; name = Base; path = Base.lproj/Main.storyboard; sourceTree = "<group>"; };
		E5BA85C5247A540500AAECDB /* Assets.xcassets */ = {isa = PBXFileReference; lastKnownFileType = folder.assetcatalog; path = Assets.xcassets; sourceTree = "<group>"; };
		E5BA85C8247A540500AAECDB /* Base */ = {isa = PBXFileReference; lastKnownFileType = file.storyboard; name = Base; path = Base.lproj/LaunchScreen.storyboard; sourceTree = "<group>"; };
		E5BA85CA247A540500AAECDB /* Info.plist */ = {isa = PBXFileReference; lastKnownFileType = text.plist.xml; path = Info.plist; sourceTree = "<group>"; };
/* End PBXFileReference section */

/* Begin PBXFrameworksBuildPhase section */
		E5BA85B6247A540500AAECDB /* Frameworks */ = {
			isa = PBXFrameworksBuildPhase;
			buildActionMask = 2147483647;
			files = (
				6E2F52D6248E25A7001B6013 /* libsqlite3.0.tbd in Frameworks */,
				FAEE9DC42C3C766992AB0C9B /* Pods_mab.framework in Frameworks */,
			);
			runOnlyForDeploymentPostprocessing = 0;
		};
/* End PBXFrameworksBuildPhase section */

/* Begin PBXGroup section */
		6E59428B24887E1E0094B328 /* UserCenter */ = {
			isa = PBXGroup;
			children = (
				6E5A4FF82489E812003ABE59 /* Cells */,
				6E59428C24887E370094B328 /* UserCenter.storyboard */,
				6E59428E24887F050094B328 /* MBUserCenterController.swift */,
			);
			path = UserCenter;
			sourceTree = "<group>";
		};
		6E59429A2488EFF50094B328 /* Home */ = {
			isa = PBXGroup;
			children = (
				6E5942A02488F0430094B328 /* Home.storyboard */,
				6E5942A22488F0540094B328 /* MBHomeController.swift */,
				6E657C6D248FEA17009AE47C /* MBHospitalListController.swift */,
				6E657C6F248FEB8E009AE47C /* MBCategoryController.swift */,
			);
			path = Home;
			sourceTree = "<group>";
		};
		6E59429B2488EFFE0094B328 /* News */ = {
			isa = PBXGroup;
			children = (
				6E59429C2488F0120094B328 /* News.storyboard */,
				6E59429E2488F0360094B328 /* MBNewsController.swift */,
			);
			path = News;
			sourceTree = "<group>";
		};
		6E5A4FF82489E812003ABE59 /* Cells */ = {
			isa = PBXGroup;
			children = (
				6E5A4FF92489E845003ABE59 /* MBUcUserInfoCell.swift */,
				6E5A4FFA2489E845003ABE59 /* MBUcUserInfoCell.xib */,
				6E5A4FFD2489F36F003ABE59 /* MBTitleArrowCell.swift */,
				6E5A4FFE2489F36F003ABE59 /* MBTitleArrowCell.xib */,
			);
			path = Cells;
			sourceTree = "<group>";
		};
		6E657C75248FF3B5009AE47C /* news_html */ = {
			isa = PBXGroup;
			children = (
				6E657C7A248FF3B5009AE47C /* assets */,
				6E657C76248FF3B5009AE47C /* 0315.html */,
				6E657C77248FF3B5009AE47C /* 0332.html */,
				6E657C78248FF3B5009AE47C /* 0362.html */,
				6E657C79248FF3B5009AE47C /* 0397.html */,
				6E657CAD248FF3B5009AE47C /* 0347.html */,
			);
			path = news_html;
			sourceTree = "<group>";
		};
		6E657C7A248FF3B5009AE47C /* assets */ = {
			isa = PBXGroup;
			children = (
				6E657C7B248FF3B5009AE47C /* css */,
				6E657C81248FF3B5009AE47C /* js */,
				6E657C89248FF3B5009AE47C /* fonts */,
				6E657C90248FF3B5009AE47C /* sass */,
			);
			path = assets;
			sourceTree = "<group>";
		};
		6E657C7B248FF3B5009AE47C /* css */ = {
			isa = PBXGroup;
			children = (
				6E657C7C248FF3B5009AE47C /* images */,
				6E657C7E248FF3B5009AE47C /* ie9.css */,
				6E657C7F248FF3B5009AE47C /* main.css */,
				6E657C80248FF3B5009AE47C /* font-awesome.min.css */,
			);
			path = css;
			sourceTree = "<group>";
		};
		6E657C7C248FF3B5009AE47C /* images */ = {
			isa = PBXGroup;
			children = (
				6E657C7D248FF3B5009AE47C /* overlay.png */,
			);
			path = images;
			sourceTree = "<group>";
		};
		6E657C81248FF3B5009AE47C /* js */ = {
			isa = PBXGroup;
			children = (
				6E657C82248FF3B5009AE47C /* util.js */,
				6E657C83248FF3B5009AE47C /* jquery.min.js */,
				6E657C84248FF3B5009AE47C /* main.js */,
				6E657C85248FF3B5009AE47C /* skel.min.js */,
				6E657C86248FF3B5009AE47C /* ie */,
			);
			path = js;
			sourceTree = "<group>";
		};
		6E657C86248FF3B5009AE47C /* ie */ = {
			isa = PBXGroup;
			children = (
				6E657C87248FF3B5009AE47C /* html5shiv.js */,
				6E657C88248FF3B5009AE47C /* respond.min.js */,
			);
			path = ie;
			sourceTree = "<group>";
		};
		6E657C89248FF3B5009AE47C /* fonts */ = {
			isa = PBXGroup;
			children = (
				6E657C8A248FF3B5009AE47C /* fontawesome-webfont.svg */,
				6E657C8B248FF3B5009AE47C /* FontAwesome.otf */,
				6E657C8C248FF3B5009AE47C /* fontawesome-webfont.woff2 */,
				6E657C8D248FF3B5009AE47C /* fontawesome-webfont.ttf */,
				6E657C8E248FF3B5009AE47C /* fontawesome-webfont.woff */,
				6E657C8F248FF3B5009AE47C /* fontawesome-webfont.eot */,
			);
			path = fonts;
			sourceTree = "<group>";
		};
		6E657C90248FF3B5009AE47C /* sass */ = {
			isa = PBXGroup;
			children = (
				6E657C91248FF3B5009AE47C /* ie9.scss */,
				6E657C92248FF3B5009AE47C /* layout */,
				6E657C98248FF3B5009AE47C /* libs */,
				6E657C9D248FF3B5009AE47C /* components */,
				6E657CA9248FF3B5009AE47C /* main.scss */,
				6E657CAA248FF3B5009AE47C /* base */,
			);
			path = sass;
			sourceTree = "<group>";
		};
		6E657C92248FF3B5009AE47C /* layout */ = {
			isa = PBXGroup;
			children = (
				6E657C93248FF3B5009AE47C /* _main.scss */,
				6E657C94248FF3B5009AE47C /* _banner.scss */,
				6E657C95248FF3B5009AE47C /* _nav.scss */,
				6E657C96248FF3B5009AE47C /* _footer.scss */,
				6E657C97248FF3B5009AE47C /* _header.scss */,
			);
			path = layout;
			sourceTree = "<group>";
		};
		6E657C98248FF3B5009AE47C /* libs */ = {
			isa = PBXGroup;
			children = (
				6E657C99248FF3B5009AE47C /* _functions.scss */,
				6E657C9A248FF3B5009AE47C /* _vars.scss */,
				6E657C9B248FF3B5009AE47C /* _skel.scss */,
				6E657C9C248FF3B5009AE47C /* _mixins.scss */,
			);
			path = libs;
			sourceTree = "<group>";
		};
		6E657C9D248FF3B5009AE47C /* components */ = {
			isa = PBXGroup;
			children = (
				6E657C9E248FF3B5009AE47C /* _image.scss */,
				6E657C9F248FF3B5009AE47C /* _wrapper.scss */,
				6E657CA0248FF3B5009AE47C /* _button.scss */,
				6E657CA1248FF3B5009AE47C /* _table.scss */,
				6E657CA2248FF3B5009AE47C /* _box.scss */,
				6E657CA3248FF3B5009AE47C /* _list.scss */,
				6E657CA4248FF3B5009AE47C /* _feature.scss */,
				6E657CA5248FF3B5009AE47C /* _icon.scss */,
				6E657CA6248FF3B5009AE47C /* _section.scss */,
				6E657CA7248FF3B5009AE47C /* _form.scss */,
				6E657CA8248FF3B5009AE47C /* _image-grid.scss */,
			);
			path = components;
			sourceTree = "<group>";
		};
		6E657CAA248FF3B5009AE47C /* base */ = {
			isa = PBXGroup;
			children = (
				6E657CAB248FF3B5009AE47C /* _typography.scss */,
				6E657CAC248FF3B5009AE47C /* _page.scss */,
			);
			path = base;
			sourceTree = "<group>";
		};
		6E7E2E0F24863F5900F39344 /* Alerts */ = {
			isa = PBXGroup;
			children = (
				6E7E2E1024863F6E00F39344 /* Alerts.storyboard */,
				6E7E2E1224863F8000F39344 /* MBAlerts.swift */,
			);
			path = Alerts;
			sourceTree = "<group>";
		};
		6EAE50D5247A653C005C169E /* SupportFiles */ = {
			isa = PBXGroup;
			children = (
				E5BA85BC247A540500AAECDB /* AppDelegate.swift */,
				E5BA85C5247A540500AAECDB /* Assets.xcassets */,
				E5BA85C7247A540500AAECDB /* LaunchScreen.storyboard */,
				E5BA85CA247A540500AAECDB /* Info.plist */,
			);
			name = SupportFiles;
			sourceTree = "<group>";
		};
		6EAE50D7247A6610005C169E /* Resources */ = {
			isa = PBXGroup;
			children = (
				6E657C75248FF3B5009AE47C /* news_html */,
				6E657C71248FEF5D009AE47C /* mab_database.db */,
			);
			path = Resources;
			sourceTree = "<group>";
		};
		6EAE50D9247A672C005C169E /* BaseClass */ = {
			isa = PBXGroup;
			children = (
				6EAE50DA247A675A005C169E /* MBBaseNaviController.swift */,
				6EAE50DC247A677E005C169E /* MBBaseController.swift */,
				6E657C73248FF36D009AE47C /* MBBaseWebController.swift */,
			);
			path = BaseClass;
			sourceTree = "<group>";
		};
		6EAE50E1247A6815005C169E /* Sign */ = {
			isa = PBXGroup;
			children = (
				6EAE50E2247A6828005C169E /* Sign.storyboard */,
				6E7E2E07248636DE00F39344 /* MBSignNavigationController.swift */,
				6E7E2E09248636F400F39344 /* MBLoginController.swift */,
				6E7E2E0B2486370700F39344 /* MBRegisterController.swift */,
			);
			path = Sign;
			sourceTree = "<group>";
		};
		6EAE50E4247A688B005C169E /* Main */ = {
			isa = PBXGroup;
			children = (
				6EAE50DF247A67AE005C169E /* MBMainTabbarController.swift */,
				6EAE50E5247A68B6005C169E /* MBRootController.swift */,
				E5BA85C2247A540500AAECDB /* Main.storyboard */,
			);
			name = Main;
			sourceTree = "<group>";
		};
		6EAE50E7247A6CF3005C169E /* Utils */ = {
			isa = PBXGroup;
			children = (
				6EAE50E9247A6D31005C169E /* Utils.swift */,
			);
			path = Utils;
			sourceTree = "<group>";
		};
		6EAE50E8247A6D01005C169E /* Define */ = {
			isa = PBXGroup;
			children = (
				6E7E2E03248632A900F39344 /* MBApplication.swift */,
				6EAE50F0247A6EB6005C169E /* MBFunctionsDefine.swift */,
				6E7E2E052486357400F39344 /* MBAssets.swift */,
			);
			path = Define;
			sourceTree = "<group>";
		};
		6EAE50ED247A6E11005C169E /* Data */ = {
			isa = PBXGroup;
			children = (
				6E5A5EBB2484EFCA00FB8C95 /* MBDataBaseManager.swift */,
				6E58A7D0248FB9DB0059CA3E /* Hospitals.swift */,
				6E7E2E012485DCAC00F39344 /* UserTable.swift */,
				6E58A7D2248FBE7C0059CA3E /* Schedules.swift */,
				6E58A7D4248FC53B0059CA3E /* News.swift */,
				6EAE50EE247A6E20005C169E /* MBUserDefault.swift */,
				6E7E2E0D248637B100F39344 /* MBUserCenter.swift */,
			);
			path = Data;
			sourceTree = "<group>";
		};
		6EAE50F2247A6F79005C169E /* Extensions */ = {
			isa = PBXGroup;
			children = (
				6EAE50FA247A6FA1005C169E /* ArrayExtension.swift */,
				6EAE50F8247A6FA1005C169E /* ColorExtension.swift */,
				6EAE50F5247A6FA1005C169E /* DateExtension.swift */,
				6EAE5101247A6FA2005C169E /* DictionaryExtension.swift */,
				6EAE50FB247A6FA1005C169E /* NotificationExtension.swift */,
				6EAE50F4247A6FA1005C169E /* StringExtension.swift */,
				6EAE50F3247A6FA0005C169E /* UIImageExtension.swift */,
				6EAE50F9247A6FA1005C169E /* UIImageViewExtension.swift */,
				6EAE50F7247A6FA1005C169E /* UINavigationBarEx.swift */,
				6EAE50FC247A6FA2005C169E /* UIViewControllerExtension.swift */,
				6EAE50FD247A6FA2005C169E /* UIViewExtension.swift */,
			);
			path = Extensions;
			sourceTree = "<group>";
		};
		6EF253F224874268008BDD32 /* CustomViews */ = {
			isa = PBXGroup;
			children = (
				6EF253F524874297008BDD32 /* AlertPresentation */,
				6EF253F424874297008BDD32 /* GMButton.swift */,
				6EF253FC24874297008BDD32 /* GMLabel.swift */,
				6EF253F324874297008BDD32 /* GMView.swift */,
			);
			path = CustomViews;
			sourceTree = "<group>";
		};
		6EF253F524874297008BDD32 /* AlertPresentation */ = {
			isa = PBXGroup;
			children = (
				6EF253F624874297008BDD32 /* GMPresentationController.swift */,
				6EF253F724874297008BDD32 /* GMPresentationManager.swift */,
				6EF253F824874297008BDD32 /* AlertBaseController */,
				6EF253FB24874297008BDD32 /* GMPresentationAnimator.swift */,
			);
			path = AlertPresentation;
			sourceTree = "<group>";
		};
		6EF253F824874297008BDD32 /* AlertBaseController */ = {
			isa = PBXGroup;
			children = (
				6EF253F924874297008BDD32 /* GMPresentationBaseController.swift */,
				6EF253FA24874297008BDD32 /* GMPresentationBaseNavController.swift */,
			);
			path = AlertBaseController;
			sourceTree = "<group>";
		};
		A5202F26B28612716D5BCDBF /* Frameworks */ = {
			isa = PBXGroup;
			children = (
				6E882903248CE3E100BD7621 /* CoreData.framework */,
				6E44280F248790D200B62372 /* libsqlite3.0.tbd */,
				6E44280A248785D500B62372 /* libsqlite3.tbd */,
				0A913E9917EE529EFB34B50C /* Pods_mab.framework */,
			);
			name = Frameworks;
			sourceTree = "<group>";
		};
		A92B6C46B14F74686B4CBEB7 /* Pods */ = {
			isa = PBXGroup;
			children = (
				9362DD59BDF12D75A2306661 /* Pods-mab.debug.xcconfig */,
				8C007A6FB66C87EE2B7BBA06 /* Pods-mab.release.xcconfig */,
			);
			path = Pods;
			sourceTree = "<group>";
		};
		E5BA85B0247A540500AAECDB = {
			isa = PBXGroup;
			children = (
				E5BA85BB247A540500AAECDB /* mab */,
				E5BA85BA247A540500AAECDB /* Products */,
				A92B6C46B14F74686B4CBEB7 /* Pods */,
				A5202F26B28612716D5BCDBF /* Frameworks */,
			);
			sourceTree = "<group>";
		};
		E5BA85BA247A540500AAECDB /* Products */ = {
			isa = PBXGroup;
			children = (
				E5BA85B9247A540500AAECDB /* mab.app */,
			);
			name = Products;
			sourceTree = "<group>";
		};
		E5BA85BB247A540500AAECDB /* mab */ = {
			isa = PBXGroup;
			children = (
				6E59429B2488EFFE0094B328 /* News */,
				6E59429A2488EFF50094B328 /* Home */,
				6E59428B24887E1E0094B328 /* UserCenter */,
				6EF253F224874268008BDD32 /* CustomViews */,
				6E7E2E0F24863F5900F39344 /* Alerts */,
				6EAE50F2247A6F79005C169E /* Extensions */,
				6EAE50ED247A6E11005C169E /* Data */,
				6EAE50E8247A6D01005C169E /* Define */,
				6EAE50E7247A6CF3005C169E /* Utils */,
				6EAE50E4247A688B005C169E /* Main */,
				6EAE50E1247A6815005C169E /* Sign */,
				6EAE50D9247A672C005C169E /* BaseClass */,
				6EAE50D7247A6610005C169E /* Resources */,
				6EAE50D5247A653C005C169E /* SupportFiles */,
			);
			path = mab;
			sourceTree = "<group>";
		};
/* End PBXGroup section */

/* Begin PBXNativeTarget section */
		E5BA85B8247A540500AAECDB /* mab */ = {
			isa = PBXNativeTarget;
			buildConfigurationList = E5BA85CD247A540500AAECDB /* Build configuration list for PBXNativeTarget "mab" */;
			buildPhases = (
				CA3FAC091320D2547E321EE5 /* [CP] Check Pods Manifest.lock */,
				E5BA85B5247A540500AAECDB /* Sources */,
				E5BA85B6247A540500AAECDB /* Frameworks */,
				E5BA85B7247A540500AAECDB /* Resources */,
				4A2B8D937FC7BBFB9FB389E4 /* [CP] Embed Pods Frameworks */,
			);
			buildRules = (
			);
			dependencies = (
			);
			name = mab;
			productName = mab;
			productReference = E5BA85B9247A540500AAECDB /* mab.app */;
			productType = "com.apple.product-type.application";
		};
/* End PBXNativeTarget section */

/* Begin PBXProject section */
		E5BA85B1247A540500AAECDB /* Project object */ = {
			isa = PBXProject;
			attributes = {
				CLASSPREFIX = MB;
				LastSwiftUpdateCheck = 1150;
				LastUpgradeCheck = 1150;
				ORGANIZATIONNAME = "Shuo Wang";
				TargetAttributes = {
					E5BA85B8247A540500AAECDB = {
						CreatedOnToolsVersion = 11.5;
					};
				};
			};
			buildConfigurationList = E5BA85B4247A540500AAECDB /* Build configuration list for PBXProject "mab" */;
			compatibilityVersion = "Xcode 9.3";
			developmentRegion = en;
			hasScannedForEncodings = 0;
			knownRegions = (
				en,
				Base,
			);
			mainGroup = E5BA85B0247A540500AAECDB;
			productRefGroup = E5BA85BA247A540500AAECDB /* Products */;
			projectDirPath = "";
			projectRoot = "";
			targets = (
				E5BA85B8247A540500AAECDB /* mab */,
			);
		};
/* End PBXProject section */

/* Begin PBXResourcesBuildPhase section */
		E5BA85B7247A540500AAECDB /* Resources */ = {
			isa = PBXResourcesBuildPhase;
			buildActionMask = 2147483647;
			files = (
				6E657CB6248FF3B5009AE47C /* util.js in Resources */,
				6E657CCD248FF3B5009AE47C /* _wrapper.scss in Resources */,
				6E657CCB248FF3B5009AE47C /* _mixins.scss in Resources */,
				6E657CB2248FF3B5009AE47C /* overlay.png in Resources */,
				6E657CC1248FF3B5009AE47C /* fontawesome-webfont.eot in Resources */,
				6E657CB3248FF3B5009AE47C /* ie9.css in Resources */,
				6E657CB4248FF3B5009AE47C /* main.css in Resources */,
				6E657CD5248FF3B5009AE47C /* _form.scss in Resources */,
				6E657CB0248FF3B5009AE47C /* 0362.html in Resources */,
				6E657CBE248FF3B5009AE47C /* fontawesome-webfont.woff2 in Resources */,
				6E657CC9248FF3B5009AE47C /* _vars.scss in Resources */,
				6E657CCC248FF3B5009AE47C /* _image.scss in Resources */,
				6E657CC4248FF3B5009AE47C /* _banner.scss in Resources */,
				6E657CBB248FF3B5009AE47C /* respond.min.js in Resources */,
				6E657CCA248FF3B5009AE47C /* _skel.scss in Resources */,
				6E657CD6248FF3B5009AE47C /* _image-grid.scss in Resources */,
				6EAE50E3247A6828005C169E /* Sign.storyboard in Resources */,
				6E657CBC248FF3B5009AE47C /* fontawesome-webfont.svg in Resources */,
				E5BA85C9247A540500AAECDB /* LaunchScreen.storyboard in Resources */,
				6E657CC7248FF3B5009AE47C /* _header.scss in Resources */,
				6E657CC8248FF3B5009AE47C /* _functions.scss in Resources */,
				6E657CC5248FF3B5009AE47C /* _nav.scss in Resources */,
				6E657CBF248FF3B5009AE47C /* fontawesome-webfont.ttf in Resources */,
				6E657CCF248FF3B5009AE47C /* _table.scss in Resources */,
				6E657CB9248FF3B5009AE47C /* skel.min.js in Resources */,
				E5BA85C6247A540500AAECDB /* Assets.xcassets in Resources */,
				6E657CB5248FF3B5009AE47C /* font-awesome.min.css in Resources */,
				6E657CD7248FF3B5009AE47C /* main.scss in Resources */,
				6E657CD8248FF3B5009AE47C /* _typography.scss in Resources */,
				6E657CD3248FF3B5009AE47C /* _icon.scss in Resources */,
				6E5A4FFC2489E845003ABE59 /* MBUcUserInfoCell.xib in Resources */,
				6E657CBA248FF3B5009AE47C /* html5shiv.js in Resources */,
				6E657CBD248FF3B5009AE47C /* FontAwesome.otf in Resources */,
				6E657C72248FEF5D009AE47C /* mab_database.db in Resources */,
				6E5942A12488F0430094B328 /* Home.storyboard in Resources */,
				6E657CD4248FF3B5009AE47C /* _section.scss in Resources */,
				6E59429D2488F0120094B328 /* News.storyboard in Resources */,
				6E657CC0248FF3B5009AE47C /* fontawesome-webfont.woff in Resources */,
				6E657CDA248FF3B5009AE47C /* 0347.html in Resources */,
				6E657CB8248FF3B5009AE47C /* main.js in Resources */,
				6E657CD0248FF3B5009AE47C /* _box.scss in Resources */,
				6E657CD9248FF3B5009AE47C /* _page.scss in Resources */,
				6E657CD2248FF3B5009AE47C /* _feature.scss in Resources */,
				6E7E2E1124863F6E00F39344 /* Alerts.storyboard in Resources */,
				6E5A50002489F36F003ABE59 /* MBTitleArrowCell.xib in Resources */,
				6E657CC2248FF3B5009AE47C /* ie9.scss in Resources */,
				6E657CC6248FF3B5009AE47C /* _footer.scss in Resources */,
				6E657CC3248FF3B5009AE47C /* _main.scss in Resources */,
				6E657CAF248FF3B5009AE47C /* 0332.html in Resources */,
				6E657CB7248FF3B5009AE47C /* jquery.min.js in Resources */,
				E5BA85C4247A540500AAECDB /* Main.storyboard in Resources */,
				6E59428D24887E370094B328 /* UserCenter.storyboard in Resources */,
				6E657CCE248FF3B5009AE47C /* _button.scss in Resources */,
				6E657CAE248FF3B5009AE47C /* 0315.html in Resources */,
				6E657CD1248FF3B5009AE47C /* _list.scss in Resources */,
				6E657CB1248FF3B5009AE47C /* 0397.html in Resources */,
			);
			runOnlyForDeploymentPostprocessing = 0;
		};
/* End PBXResourcesBuildPhase section */

/* Begin PBXShellScriptBuildPhase section */
		4A2B8D937FC7BBFB9FB389E4 /* [CP] Embed Pods Frameworks */ = {
			isa = PBXShellScriptBuildPhase;
			buildActionMask = 2147483647;
			files = (
			);
			inputFileListPaths = (
				"${PODS_ROOT}/Target Support Files/Pods-mab/Pods-mab-frameworks-${CONFIGURATION}-input-files.xcfilelist",
			);
			name = "[CP] Embed Pods Frameworks";
			outputFileListPaths = (
				"${PODS_ROOT}/Target Support Files/Pods-mab/Pods-mab-frameworks-${CONFIGURATION}-output-files.xcfilelist",
			);
			runOnlyForDeploymentPostprocessing = 0;
			shellPath = /bin/sh;
			shellScript = "\"${PODS_ROOT}/Target Support Files/Pods-mab/Pods-mab-frameworks.sh\"\n";
			showEnvVarsInLog = 0;
		};
		CA3FAC091320D2547E321EE5 /* [CP] Check Pods Manifest.lock */ = {
			isa = PBXShellScriptBuildPhase;
			buildActionMask = 2147483647;
			files = (
			);
			inputFileListPaths = (
			);
			inputPaths = (
				"${PODS_PODFILE_DIR_PATH}/Podfile.lock",
				"${PODS_ROOT}/Manifest.lock",
			);
			name = "[CP] Check Pods Manifest.lock";
			outputFileListPaths = (
			);
			outputPaths = (
				"$(DERIVED_FILE_DIR)/Pods-mab-checkManifestLockResult.txt",
			);
			runOnlyForDeploymentPostprocessing = 0;
			shellPath = /bin/sh;
			shellScript = "diff \"${PODS_PODFILE_DIR_PATH}/Podfile.lock\" \"${PODS_ROOT}/Manifest.lock\" > /dev/null\nif [ $? != 0 ] ; then\n    # print error to STDERR\n    echo \"error: The sandbox is not in sync with the Podfile.lock. Run 'pod install' or update your CocoaPods installation.\" >&2\n    exit 1\nfi\n# This output is used by Xcode 'outputs' to avoid re-running this script phase.\necho \"SUCCESS\" > \"${SCRIPT_OUTPUT_FILE_0}\"\n";
			showEnvVarsInLog = 0;
		};
/* End PBXShellScriptBuildPhase section */

/* Begin PBXSourcesBuildPhase section */
		E5BA85B5247A540500AAECDB /* Sources */ = {
			isa = PBXSourcesBuildPhase;
			buildActionMask = 2147483647;
			files = (
				6E7E2E0A248636F400F39344 /* MBLoginController.swift in Sources */,
				6EF2540024874297008BDD32 /* GMPresentationManager.swift in Sources */,
				6EF253FF24874297008BDD32 /* GMPresentationController.swift in Sources */,
				6EAE50E6247A68B6005C169E /* MBRootController.swift in Sources */,
				6EAE50F1247A6EB6005C169E /* MBFunctionsDefine.swift in Sources */,
				6EF253FE24874297008BDD32 /* GMButton.swift in Sources */,
				6E58A7D5248FC53B0059CA3E /* News.swift in Sources */,
				6EAE50DB247A675A005C169E /* MBBaseNaviController.swift in Sources */,
				6E58A7D1248FB9DB0059CA3E /* Hospitals.swift in Sources */,
				6E5A5EBC2484EFCA00FB8C95 /* MBDataBaseManager.swift in Sources */,
				6EAE510A247A6FA2005C169E /* ArrayExtension.swift in Sources */,
				6EAE50E0247A67AE005C169E /* MBMainTabbarController.swift in Sources */,
				6E7E2E1324863F8100F39344 /* MBAlerts.swift in Sources */,
				6E5A4FFB2489E845003ABE59 /* MBUcUserInfoCell.swift in Sources */,
				6E7E2E08248636DE00F39344 /* MBSignNavigationController.swift in Sources */,
				6EAE5103247A6FA2005C169E /* UIImageExtension.swift in Sources */,
				6EAE510B247A6FA2005C169E /* NotificationExtension.swift in Sources */,
				6EAE5105247A6FA2005C169E /* DateExtension.swift in Sources */,
				6E59429F2488F0360094B328 /* MBNewsController.swift in Sources */,
				6EF2540124874297008BDD32 /* GMPresentationBaseController.swift in Sources */,
				6EAE50EF247A6E20005C169E /* MBUserDefault.swift in Sources */,
				6EAE5111247A6FA2005C169E /* DictionaryExtension.swift in Sources */,
				6E59428F24887F050094B328 /* MBUserCenterController.swift in Sources */,
				6E657C74248FF36D009AE47C /* MBBaseWebController.swift in Sources */,
				6E5A4FFF2489F36F003ABE59 /* MBTitleArrowCell.swift in Sources */,
				6E7E2E062486357400F39344 /* MBAssets.swift in Sources */,
				6EAE50EA247A6D31005C169E /* Utils.swift in Sources */,
				6EF2540424874298008BDD32 /* GMLabel.swift in Sources */,
				6E7E2E04248632A900F39344 /* MBApplication.swift in Sources */,
				6EAE5107247A6FA2005C169E /* UINavigationBarEx.swift in Sources */,
				6EF2540224874297008BDD32 /* GMPresentationBaseNavController.swift in Sources */,
				6EAE510C247A6FA2005C169E /* UIViewControllerExtension.swift in Sources */,
				E5BA85BD247A540500AAECDB /* AppDelegate.swift in Sources */,
				6EF253FD24874297008BDD32 /* GMView.swift in Sources */,
				6E657C6E248FEA17009AE47C /* MBHospitalListController.swift in Sources */,
				6EAE5108247A6FA2005C169E /* ColorExtension.swift in Sources */,
				6EAE5104247A6FA2005C169E /* StringExtension.swift in Sources */,
				6E657C70248FEB8E009AE47C /* MBCategoryController.swift in Sources */,
				6EAE5109247A6FA2005C169E /* UIImageViewExtension.swift in Sources */,
				6EAE50DD247A677E005C169E /* MBBaseController.swift in Sources */,
				6E7E2E0E248637B100F39344 /* MBUserCenter.swift in Sources */,
				6E7E2E0C2486370700F39344 /* MBRegisterController.swift in Sources */,
				6EF2540324874297008BDD32 /* GMPresentationAnimator.swift in Sources */,
				6E58A7D3248FBE7C0059CA3E /* Schedules.swift in Sources */,
				6EAE510D247A6FA2005C169E /* UIViewExtension.swift in Sources */,
				6E5942A32488F0540094B328 /* MBHomeController.swift in Sources */,
				6E7E2E022485DCAC00F39344 /* UserTable.swift in Sources */,
			);
			runOnlyForDeploymentPostprocessing = 0;
		};
/* End PBXSourcesBuildPhase section */

/* Begin PBXVariantGroup section */
		E5BA85C2247A540500AAECDB /* Main.storyboard */ = {
			isa = PBXVariantGroup;
			children = (
				E5BA85C3247A540500AAECDB /* Base */,
			);
			name = Main.storyboard;
			sourceTree = "<group>";
		};
		E5BA85C7247A540500AAECDB /* LaunchScreen.storyboard */ = {
			isa = PBXVariantGroup;
			children = (
				E5BA85C8247A540500AAECDB /* Base */,
			);
			name = LaunchScreen.storyboard;
			sourceTree = "<group>";
		};
/* End PBXVariantGroup section */

/* Begin XCBuildConfiguration section */
		E5BA85CB247A540500AAECDB /* Debug */ = {
			isa = XCBuildConfiguration;
			buildSettings = {
				ALWAYS_SEARCH_USER_PATHS = NO;
				CLANG_ANALYZER_NONNULL = YES;
				CLANG_ANALYZER_NUMBER_OBJECT_CONVERSION = YES_AGGRESSIVE;
				CLANG_CXX_LANGUAGE_STANDARD = "gnu++14";
				CLANG_CXX_LIBRARY = "libc++";
				CLANG_ENABLE_MODULES = YES;
				CLANG_ENABLE_OBJC_ARC = YES;
				CLANG_ENABLE_OBJC_WEAK = YES;
				CLANG_WARN_BLOCK_CAPTURE_AUTORELEASING = YES;
				CLANG_WARN_BOOL_CONVERSION = YES;
				CLANG_WARN_COMMA = YES;
				CLANG_WARN_CONSTANT_CONVERSION = YES;
				CLANG_WARN_DEPRECATED_OBJC_IMPLEMENTATIONS = YES;
				CLANG_WARN_DIRECT_OBJC_ISA_USAGE = YES_ERROR;
				CLANG_WARN_DOCUMENTATION_COMMENTS = YES;
				CLANG_WARN_EMPTY_BODY = YES;
				CLANG_WARN_ENUM_CONVERSION = YES;
				CLANG_WARN_INFINITE_RECURSION = YES;
				CLANG_WARN_INT_CONVERSION = YES;
				CLANG_WARN_NON_LITERAL_NULL_CONVERSION = YES;
				CLANG_WARN_OBJC_IMPLICIT_RETAIN_SELF = YES;
				CLANG_WARN_OBJC_LITERAL_CONVERSION = YES;
				CLANG_WARN_OBJC_ROOT_CLASS = YES_ERROR;
				CLANG_WARN_RANGE_LOOP_ANALYSIS = YES;
				CLANG_WARN_STRICT_PROTOTYPES = YES;
				CLANG_WARN_SUSPICIOUS_MOVE = YES;
				CLANG_WARN_UNGUARDED_AVAILABILITY = YES_AGGRESSIVE;
				CLANG_WARN_UNREACHABLE_CODE = YES;
				CLANG_WARN__DUPLICATE_METHOD_MATCH = YES;
				COPY_PHASE_STRIP = NO;
				DEBUG_INFORMATION_FORMAT = dwarf;
				ENABLE_STRICT_OBJC_MSGSEND = YES;
				ENABLE_TESTABILITY = YES;
				GCC_C_LANGUAGE_STANDARD = gnu11;
				GCC_DYNAMIC_NO_PIC = NO;
				GCC_NO_COMMON_BLOCKS = YES;
				GCC_OPTIMIZATION_LEVEL = 0;
				GCC_PREPROCESSOR_DEFINITIONS = (
					"DEBUG=1",
					"$(inherited)",
				);
				GCC_WARN_64_TO_32_BIT_CONVERSION = YES;
				GCC_WARN_ABOUT_RETURN_TYPE = YES_ERROR;
				GCC_WARN_UNDECLARED_SELECTOR = YES;
				GCC_WARN_UNINITIALIZED_AUTOS = YES_AGGRESSIVE;
				GCC_WARN_UNUSED_FUNCTION = YES;
				GCC_WARN_UNUSED_VARIABLE = YES;
				IPHONEOS_DEPLOYMENT_TARGET = 13.5;
				MTL_ENABLE_DEBUG_INFO = INCLUDE_SOURCE;
				MTL_FAST_MATH = YES;
				ONLY_ACTIVE_ARCH = YES;
				SDKROOT = iphoneos;
				SWIFT_ACTIVE_COMPILATION_CONDITIONS = DEBUG;
				SWIFT_OPTIMIZATION_LEVEL = "-Onone";
			};
			name = Debug;
		};
		E5BA85CC247A540500AAECDB /* Release */ = {
			isa = XCBuildConfiguration;
			buildSettings = {
				ALWAYS_SEARCH_USER_PATHS = NO;
				CLANG_ANALYZER_NONNULL = YES;
				CLANG_ANALYZER_NUMBER_OBJECT_CONVERSION = YES_AGGRESSIVE;
				CLANG_CXX_LANGUAGE_STANDARD = "gnu++14";
				CLANG_CXX_LIBRARY = "libc++";
				CLANG_ENABLE_MODULES = YES;
				CLANG_ENABLE_OBJC_ARC = YES;
				CLANG_ENABLE_OBJC_WEAK = YES;
				CLANG_WARN_BLOCK_CAPTURE_AUTORELEASING = YES;
				CLANG_WARN_BOOL_CONVERSION = YES;
				CLANG_WARN_COMMA = YES;
				CLANG_WARN_CONSTANT_CONVERSION = YES;
				CLANG_WARN_DEPRECATED_OBJC_IMPLEMENTATIONS = YES;
				CLANG_WARN_DIRECT_OBJC_ISA_USAGE = YES_ERROR;
				CLANG_WARN_DOCUMENTATION_COMMENTS = YES;
				CLANG_WARN_EMPTY_BODY = YES;
				CLANG_WARN_ENUM_CONVERSION = YES;
				CLANG_WARN_INFINITE_RECURSION = YES;
				CLANG_WARN_INT_CONVERSION = YES;
				CLANG_WARN_NON_LITERAL_NULL_CONVERSION = YES;
				CLANG_WARN_OBJC_IMPLICIT_RETAIN_SELF = YES;
				CLANG_WARN_OBJC_LITERAL_CONVERSION = YES;
				CLANG_WARN_OBJC_ROOT_CLASS = YES_ERROR;
				CLANG_WARN_RANGE_LOOP_ANALYSIS = YES;
				CLANG_WARN_STRICT_PROTOTYPES = YES;
				CLANG_WARN_SUSPICIOUS_MOVE = YES;
				CLANG_WARN_UNGUARDED_AVAILABILITY = YES_AGGRESSIVE;
				CLANG_WARN_UNREACHABLE_CODE = YES;
				CLANG_WARN__DUPLICATE_METHOD_MATCH = YES;
				COPY_PHASE_STRIP = NO;
				DEBUG_INFORMATION_FORMAT = "dwarf-with-dsym";
				ENABLE_NS_ASSERTIONS = NO;
				ENABLE_STRICT_OBJC_MSGSEND = YES;
				GCC_C_LANGUAGE_STANDARD = gnu11;
				GCC_NO_COMMON_BLOCKS = YES;
				GCC_WARN_64_TO_32_BIT_CONVERSION = YES;
				GCC_WARN_ABOUT_RETURN_TYPE = YES_ERROR;
				GCC_WARN_UNDECLARED_SELECTOR = YES;
				GCC_WARN_UNINITIALIZED_AUTOS = YES_AGGRESSIVE;
				GCC_WARN_UNUSED_FUNCTION = YES;
				GCC_WARN_UNUSED_VARIABLE = YES;
				IPHONEOS_DEPLOYMENT_TARGET = 13.5;
				MTL_ENABLE_DEBUG_INFO = NO;
				MTL_FAST_MATH = YES;
				SDKROOT = iphoneos;
				SWIFT_COMPILATION_MODE = wholemodule;
				SWIFT_OPTIMIZATION_LEVEL = "-O";
				VALIDATE_PRODUCT = YES;
			};
			name = Release;
		};
		E5BA85CE247A540500AAECDB /* Debug */ = {
			isa = XCBuildConfiguration;
			baseConfigurationReference = 9362DD59BDF12D75A2306661 /* Pods-mab.debug.xcconfig */;
			buildSettings = {
				ASSETCATALOG_COMPILER_APPICON_NAME = AppIcon;
				CODE_SIGN_STYLE = Automatic;
				INFOPLIST_FILE = mab/Info.plist;
				IPHONEOS_DEPLOYMENT_TARGET = 11.0;
				LD_RUNPATH_SEARCH_PATHS = (
					"$(inherited)",
					"@executable_path/Frameworks",
				);
				PRODUCT_BUNDLE_IDENTIFIER = com.example.swang.mab;
				PRODUCT_NAME = "$(TARGET_NAME)";
				SWIFT_VERSION = 5.0;
				TARGETED_DEVICE_FAMILY = 1;
			};
			name = Debug;
		};
		E5BA85CF247A540500AAECDB /* Release */ = {
			isa = XCBuildConfiguration;
			baseConfigurationReference = 8C007A6FB66C87EE2B7BBA06 /* Pods-mab.release.xcconfig */;
			buildSettings = {
				ASSETCATALOG_COMPILER_APPICON_NAME = AppIcon;
				CODE_SIGN_STYLE = Automatic;
				INFOPLIST_FILE = mab/Info.plist;
				IPHONEOS_DEPLOYMENT_TARGET = 11.0;
				LD_RUNPATH_SEARCH_PATHS = (
					"$(inherited)",
					"@executable_path/Frameworks",
				);
				PRODUCT_BUNDLE_IDENTIFIER = com.example.swang.mab;
				PRODUCT_NAME = "$(TARGET_NAME)";
				SWIFT_VERSION = 5.0;
				TARGETED_DEVICE_FAMILY = 1;
			};
			name = Release;
		};
/* End XCBuildConfiguration section */

/* Begin XCConfigurationList section */
		E5BA85B4247A540500AAECDB /* Build configuration list for PBXProject "mab" */ = {
			isa = XCConfigurationList;
			buildConfigurations = (
				E5BA85CB247A540500AAECDB /* Debug */,
				E5BA85CC247A540500AAECDB /* Release */,
			);
			defaultConfigurationIsVisible = 0;
			defaultConfigurationName = Release;
		};
		E5BA85CD247A540500AAECDB /* Build configuration list for PBXNativeTarget "mab" */ = {
			isa = XCConfigurationList;
			buildConfigurations = (
				E5BA85CE247A540500AAECDB /* Debug */,
				E5BA85CF247A540500AAECDB /* Release */,
			);
			defaultConfigurationIsVisible = 0;
			defaultConfigurationName = Release;
		};
/* End XCConfigurationList section */
	};
	rootObject = E5BA85B1247A540500AAECDB /* Project object */;
}
